
Microsoft Visual Studio Solution File, Format Version 12.00
# Visual Studio Version 16
VisualStudioVersion = 16.0.29613.14
MinimumVisualStudioVersion = 10.0.40219.1
Project("{9A19103F-16F7-4668-BE54-9A1E7A4F7556}") = "FoodTruckConsoleApp", "FoodTruckConsoleApp\FoodTruckConsoleApp.csproj", "{F25C6334-9BD6-40B0-B19F-63D7CD2FD9A6}"
EndProject
Project("{9A19103F-16F7-4668-BE54-9A1E7A4F7556}") = "FoodTruckSearchFrontEnd", "FoodTruckSearchFrontEnd\FoodTruckSearchFrontEnd.csproj", "{46FDE58C-F5BA-4490-B863-C8B980DCB4C6}"
EndProject
Project("{9A19103F-16F7-4668-BE54-9A1E7A4F7556}") = "FoodTruckSearchBackendAPI", "FoodTruckSearchBackendAPI\FoodTruckSearchBackendAPI.csproj", "{154DC05F-AF94-4E34-A87B-6720CB02AD1D}"
EndProject
Project("{9A19103F-16F7-4668-BE54-9A1E7A4F7556}") = "FoodTruckSearchSodaClientTests", "FoodTruckSearchSodaClientTests\FoodTruckSearchSodaClientTests.csproj", "{E3F70736-F8BF-4E25-8CB2-1D8EABCD785E}"
EndProject
Project("{9A19103F-16F7-4668-BE54-9A1E7A4F7556}") = "FoodTruckBingMapClient", "FoodTruckBingMapClient\FoodTruckBingMapClient.csproj", "{5A0C48F2-1EE4-4D2D-9842-290A338B510D}"
EndProject
Project("{9A19103F-16F7-4668-BE54-9A1E7A4F7556}") = "FoodTruckBingMapClientTests", "FoodTruckBingMapClientTests\FoodTruckBingMapClientTests.csproj", "{A49B0C45-4F39-4DF0-83FB-B964EB8D0148}"
EndProject
Project("{9A19103F-16F7-4668-BE54-9A1E7A4F7556}") = "FoodTruckSearchSodaClient", "FoodTruckSearchSodaClient\FoodTruckSearchSodaClient.csproj", "{51813DF0-E3A3-4540-AE78-BF832C33D217}"
EndProject
Project("{9A19103F-16F7-4668-BE54-9A1E7A4F7556}") = "HttpClientWrapper", "HttpClientWrapper\HttpClientWrapper.csproj", "{7CE8C9C8-B869-4A4D-9277-CD894929726E}"
EndProject
Project("{9A19103F-16F7-4668-BE54-9A1E7A4F7556}") = "HttpClientWrapperTests", "HttpClientWrapperTests\HttpClientWrapperTests.csproj", "{B23777C9-1586-4BD7-A666-1057434654AF}"
EndProject
Project("{9A19103F-16F7-4668-BE54-9A1E7A4F7556}") = "FoodTruckSearchBackendAPITests", "FoodTruckSearchBackendAPITests\FoodTruckSearchBackendAPITests.csproj", "{DF4AE719-3B67-4CEE-AB6E-32B4C7916B55}"
EndProject
Project("{9A19103F-16F7-4668-BE54-9A1E7A4F7556}") = "FoodTruckSearchFrontEndTests", "FoodTruckSearchFrontEndTests\FoodTruckSearchFrontEndTests.csproj", "{2ED923B6-81AF-461C-92AF-989FF795DD49}"
EndProject
Project("{FAE04EC0-301F-11D3-BF4B-00C04F79EFBC}") = "FoodTruckBackendDataModel", "FoodTruckBackendDataModel\FoodTruckBackendDataModel.csproj", "{6EC61789-23D3-419A-9807-39F6E20D3EA6}"
EndProject
Global
	GlobalSection(SolutionConfigurationPlatforms) = preSolution
		Debug|Any CPU = Debug|Any CPU
		Release|Any CPU = Release|Any CPU
	EndGlobalSection
	GlobalSection(ProjectConfigurationPlatforms) = postSolution
		{F25C6334-9BD6-40B0-B19F-63D7CD2FD9A6}.Debug|Any CPU.ActiveCfg = Debug|Any CPU
		{F25C6334-9BD6-40B0-B19F-63D7CD2FD9A6}.Debug|Any CPU.Build.0 = Debug|Any CPU
		{F25C6334-9BD6-40B0-B19F-63D7CD2FD9A6}.Release|Any CPU.ActiveCfg = Release|Any CPU
		{F25C6334-9BD6-40B0-B19F-63D7CD2FD9A6}.Release|Any CPU.Build.0 = Release|Any CPU
		{46FDE58C-F5BA-4490-B863-C8B980DCB4C6}.Debug|Any CPU.ActiveCfg = Debug|Any CPU
		{46FDE58C-F5BA-4490-B863-C8B980DCB4C6}.Debug|Any CPU.Build.0 = Debug|Any CPU
		{46FDE58C-F5BA-4490-B863-C8B980DCB4C6}.Release|Any CPU.ActiveCfg = Release|Any CPU
		{46FDE58C-F5BA-4490-B863-C8B980DCB4C6}.Release|Any CPU.Build.0 = Release|Any CPU
		{154DC05F-AF94-4E34-A87B-6720CB02AD1D}.Debug|Any CPU.ActiveCfg = Debug|Any CPU
		{154DC05F-AF94-4E34-A87B-6720CB02AD1D}.Debug|Any CPU.Build.0 = Debug|Any CPU
		{154DC05F-AF94-4E34-A87B-6720CB02AD1D}.Release|Any CPU.ActiveCfg = Release|Any CPU
		{154DC05F-AF94-4E34-A87B-6720CB02AD1D}.Release|Any CPU.Build.0 = Release|Any CPU
		{E3F70736-F8BF-4E25-8CB2-1D8EABCD785E}.Debug|Any CPU.ActiveCfg = Debug|Any CPU
		{E3F70736-F8BF-4E25-8CB2-1D8EABCD785E}.Debug|Any CPU.Build.0 = Debug|Any CPU
		{E3F70736-F8BF-4E25-8CB2-1D8EABCD785E}.Release|Any CPU.ActiveCfg = Release|Any CPU
		{E3F70736-F8BF-4E25-8CB2-1D8EABCD785E}.Release|Any CPU.Build.0 = Release|Any CPU
		{5A0C48F2-1EE4-4D2D-9842-290A338B510D}.Debug|Any CPU.ActiveCfg = Debug|Any CPU
		{5A0C48F2-1EE4-4D2D-9842-290A338B510D}.Debug|Any CPU.Build.0 = Debug|Any CPU
		{5A0C48F2-1EE4-4D2D-9842-290A338B510D}.Release|Any CPU.ActiveCfg = Release|Any CPU
		{5A0C48F2-1EE4-4D2D-9842-290A338B510D}.Release|Any CPU.Build.0 = Release|Any CPU
		{A49B0C45-4F39-4DF0-83FB-B964EB8D0148}.Debug|Any CPU.ActiveCfg = Debug|Any CPU
		{A49B0C45-4F39-4DF0-83FB-B964EB8D0148}.Debug|Any CPU.Build.0 = Debug|Any CPU
		{A49B0C45-4F39-4DF0-83FB-B964EB8D0148}.Release|Any CPU.ActiveCfg = Release|Any CPU
		{A49B0C45-4F39-4DF0-83FB-B964EB8D0148}.Release|Any CPU.Build.0 = Release|Any CPU
		{51813DF0-E3A3-4540-AE78-BF832C33D217}.Debug|Any CPU.ActiveCfg = Debug|Any CPU
		{51813DF0-E3A3-4540-AE78-BF832C33D217}.Debug|Any CPU.Build.0 = Debug|Any CPU
		{51813DF0-E3A3-4540-AE78-BF832C33D217}.Release|Any CPU.ActiveCfg = Release|Any CPU
		{51813DF0-E3A3-4540-AE78-BF832C33D217}.Release|Any CPU.Build.0 = Release|Any CPU
		{7CE8C9C8-B869-4A4D-9277-CD894929726E}.Debug|Any CPU.ActiveCfg = Debug|Any CPU
		{7CE8C9C8-B869-4A4D-9277-CD894929726E}.Debug|Any CPU.Build.0 = Debug|Any CPU
		{7CE8C9C8-B869-4A4D-9277-CD894929726E}.Release|Any CPU.ActiveCfg = Release|Any CPU
		{7CE8C9C8-B869-4A4D-9277-CD894929726E}.Release|Any CPU.Build.0 = Release|Any CPU
		{B23777C9-1586-4BD7-A666-1057434654AF}.Debug|Any CPU.ActiveCfg = Debug|Any CPU
		{B23777C9-1586-4BD7-A666-1057434654AF}.Debug|Any CPU.Build.0 = Debug|Any CPU
		{B23777C9-1586-4BD7-A666-1057434654AF}.Release|Any CPU.ActiveCfg = Release|Any CPU
		{B23777C9-1586-4BD7-A666-1057434654AF}.Release|Any CPU.Build.0 = Release|Any CPU
		{DF4AE719-3B67-4CEE-AB6E-32B4C7916B55}.Debug|Any CPU.ActiveCfg = Debug|Any CPU
		{DF4AE719-3B67-4CEE-AB6E-32B4C7916B55}.Debug|Any CPU.Build.0 = Debug|Any CPU
		{DF4AE719-3B67-4CEE-AB6E-32B4C7916B55}.Release|Any CPU.ActiveCfg = Release|Any CPU
		{DF4AE719-3B67-4CEE-AB6E-32B4C7916B55}.Release|Any CPU.Build.0 = Release|Any CPU
		{2ED923B6-81AF-461C-92AF-989FF795DD49}.Debug|Any CPU.ActiveCfg = Debug|Any CPU
		{2ED923B6-81AF-461C-92AF-989FF795DD49}.Debug|Any CPU.Build.0 = Debug|Any CPU
		{2ED923B6-81AF-461C-92AF-989FF795DD49}.Release|Any CPU.ActiveCfg = Release|Any CPU
		{2ED923B6-81AF-461C-92AF-989FF795DD49}.Release|Any CPU.Build.0 = Release|Any CPU
		{6EC61789-23D3-419A-9807-39F6E20D3EA6}.Debug|Any CPU.ActiveCfg = Debug|Any CPU
		{6EC61789-23D3-419A-9807-39F6E20D3EA6}.Debug|Any CPU.Build.0 = Debug|Any CPU
		{6EC61789-23D3-419A-9807-39F6E20D3EA6}.Release|Any CPU.ActiveCfg = Release|Any CPU
		{6EC61789-23D3-419A-9807-39F6E20D3EA6}.Release|Any CPU.Build.0 = Release|Any CPU
	EndGlobalSection
	GlobalSection(SolutionProperties) = preSolution
		HideSolutionNode = FALSE
	EndGlobalSection
	GlobalSection(ExtensibilityGlobals) = postSolution
		SolutionGuid = {CA5F60AD-722E-4346-988C-6CDA038CF33C}
	EndGlobalSection
EndGlobal
